
Microsoft Visual Studio Solution File, Format Version 12.00
# Visual Studio 15
VisualStudioVersion = 15.0.28010.2016
MinimumVisualStudioVersion = 10.0.40219.1
Project("{2150E333-8FDC-42A3-9474-1A3956D46DE8}") = "01Client", "01Client", "{3E423EA6-6F73-4521-B65E-2F1039A93A18}"
EndProject
Project("{2150E333-8FDC-42A3-9474-1A3956D46DE8}") = "AdminClients", "AdminClients", "{1696D4E9-3AB2-4EAF-8F18-7F12111F7F5C}"
EndProject
Project("{2150E333-8FDC-42A3-9474-1A3956D46DE8}") = "WebClients", "WebClients", "{D7A4D922-FAAE-4AB5-B41E-4F9F3CF0197E}"
EndProject
Project("{2150E333-8FDC-42A3-9474-1A3956D46DE8}") = "02PluginServices", "02PluginServices", "{FAA718CE-5539-494E-8CED-FCCC767734C4}"
EndProject
Project("{2150E333-8FDC-42A3-9474-1A3956D46DE8}") = "03Manager", "03Manager", "{AA2F568E-50E0-40F5-8EC9-23D366638532}"
EndProject
Project("{2150E333-8FDC-42A3-9474-1A3956D46DE8}") = "04Repository", "04Repository", "{AE51BB60-E77E-47B2-AD09-DE5BE0D00E9C}"
EndProject
Project("{2150E333-8FDC-42A3-9474-1A3956D46DE8}") = "05Domain", "05Domain", "{9FD72EE7-FE06-41F8-9981-B3D53913FF2A}"
EndProject
Project("{2150E333-8FDC-42A3-9474-1A3956D46DE8}") = "06Infrastructure", "06Infrastructure", "{A3616CC0-9180-432A-8C60-F46F0B636A87}"
EndProject
Project("{FAE04EC0-301F-11D3-BF4B-00C04F79EFBC}") = "admin.studiocore.com", "Client\AdminClients\admin.studiocore.com\admin.studiocore.com.csproj", "{2DADD787-FD10-4203-B0D7-06C3F6E47E14}"
EndProject
Project("{FAE04EC0-301F-11D3-BF4B-00C04F79EFBC}") = "www.studiocore.com", "Client\WebClients\www.studiocore.com\www.studiocore.com.csproj", "{74C90EAB-7890-4A6B-8DF5-A893A83250D4}"
EndProject
Project("{FAE04EC0-301F-11D3-BF4B-00C04F79EFBC}") = "AdminManager", "Manager\AdminManager\AdminManager.csproj", "{5B5D0F64-3625-40C1-85F5-8E42A6E954AD}"
EndProject
Project("{FAE04EC0-301F-11D3-BF4B-00C04F79EFBC}") = "BaseRepositorys", "Repository\BaseRepositorys\BaseRepositorys.csproj", "{A9AA8E32-47B7-474C-A78A-5020B98D4AF7}"
EndProject
Project("{FAE04EC0-301F-11D3-BF4B-00C04F79EFBC}") = "IRepositorys", "Repository\IRepositorys\IRepositorys.csproj", "{653CC1A1-F410-4EC9-A085-6A496CC6B772}"
EndProject
Project("{FAE04EC0-301F-11D3-BF4B-00C04F79EFBC}") = "Repositorys", "Repository\Repositorys\Repositorys.csproj", "{D39BA27E-C6DF-4145-B226-709F34900D53}"
EndProject
Project("{FAE04EC0-301F-11D3-BF4B-00C04F79EFBC}") = "BaseModels", "Domain\BaseModels\BaseModels.csproj", "{967EBD80-17CB-49C8-B03F-ED064D0ED37D}"
EndProject
Project("{FAE04EC0-301F-11D3-BF4B-00C04F79EFBC}") = "DBModels", "Domain\DBModels\DBModels.csproj", "{E7A69C9F-1646-4F3B-9B66-98F240D251D3}"
EndProject
Project("{FAE04EC0-301F-11D3-BF4B-00C04F79EFBC}") = "DTOModels", "Domain\DTOModels\DTOModels.csproj", "{A84856DC-6DAF-43A1-B78D-45209C3D7C13}"
EndProject
Project("{FAE04EC0-301F-11D3-BF4B-00C04F79EFBC}") = "QueryModels", "Domain\QueryModels\QueryModels.csproj", "{B66F0AA9-FE07-4436-83E0-20FDD64160CC}"
EndProject
Project("{FAE04EC0-301F-11D3-BF4B-00C04F79EFBC}") = "AutofacProxy", "Infrastructure\AutofacProxy\AutofacProxy.csproj", "{492CE25F-621E-4136-8520-DE7A467C4F66}"
EndProject
Project("{FAE04EC0-301F-11D3-BF4B-00C04F79EFBC}") = "DBBuild", "Infrastructure\DBBuild\DBBuild.csproj", "{7967CB76-D671-46ED-A4FD-756E74A3D92A}"
EndProject
Project("{FAE04EC0-301F-11D3-BF4B-00C04F79EFBC}") = "Factory", "Infrastructure\Factory\Factory.csproj", "{DA8E124E-40E7-4252-831B-8EA1DACD576F}"
EndProject
Project("{FAE04EC0-301F-11D3-BF4B-00C04F79EFBC}") = "Utility", "Infrastructure\Utility\Utility.csproj", "{85DC3D8A-B768-47CD-9E51-4B0C6BEE4A8B}"
EndProject
Project("{2150E333-8FDC-42A3-9474-1A3956D46DE8}") = "ClientsPlugin", "ClientsPlugin", "{7A83CA3C-79FB-4F7E-B8FD-D502F995CCA9}"
EndProject
Project("{2150E333-8FDC-42A3-9474-1A3956D46DE8}") = "AdminServicesPlugin", "AdminServicesPlugin", "{642477FB-34DF-494D-835E-932C144EE07D}"
EndProject
Project("{FAE04EC0-301F-11D3-BF4B-00C04F79EFBC}") = "AdminPlugin", "PluginServices\ClientsPlugin\AdminServicesPlugin\AdminPlugin\AdminPlugin.csproj", "{18432278-9225-4A16-AB8C-E89D2CE748CB}"
EndProject
Project("{FAE04EC0-301F-11D3-BF4B-00C04F79EFBC}") = "BasePlugin", "PluginServices\ClientsPlugin\AdminServicesPlugin\BasePlugin\BasePlugin.csproj", "{6DBFD0C9-FFE5-45B8-B7E0-CB792B479436}"
EndProject
Project("{FAE04EC0-301F-11D3-BF4B-00C04F79EFBC}") = "IAdminPlugin", "PluginServices\ClientsPlugin\AdminServicesPlugin\IAdminPlugin\IAdminPlugin.csproj", "{B646A977-CC46-4662-941C-0D821B9FF17A}"
EndProject
Project("{FAE04EC0-301F-11D3-BF4B-00C04F79EFBC}") = "InterPlugin", "PluginServices\InterPlugin\InterPlugin.csproj", "{010EF04E-2014-45CD-8164-045DAD69BEC4}"
EndProject
Project("{FAE04EC0-301F-11D3-BF4B-00C04F79EFBC}") = "WCFPlugin", "PluginServices\WCFPlugin\WCFPlugin.csproj", "{2C12AC13-A3C7-44A4-B793-CB0508E182E9}"
EndProject
Project("{2150E333-8FDC-42A3-9474-1A3956D46DE8}") = "07UnitTest", "07UnitTest", "{9E7A3CB6-159C-4C63-AFE1-8D7D8290BC1E}"
EndProject
Project("{FAE04EC0-301F-11D3-BF4B-00C04F79EFBC}") = "UnitTestStudio", "UnitTest\UnitTestStudio\UnitTestStudio.csproj", "{F9F85295-F636-486D-B224-8F06BB09ED66}"
	ProjectSection(ProjectDependencies) = postProject
		{2C12AC13-A3C7-44A4-B793-CB0508E182E9} = {2C12AC13-A3C7-44A4-B793-CB0508E182E9}
	EndProjectSection
EndProject
Project("{FAE04EC0-301F-11D3-BF4B-00C04F79EFBC}") = "IocCorePlugin", "PluginServices\IocCorePlugin\IocCorePlugin.csproj", "{B120D9D5-9C10-4CC6-905D-59665DB20552}"
EndProject
Project("{FAE04EC0-301F-11D3-BF4B-00C04F79EFBC}") = "IocCoreRepository", "Repository\IocCoreRepository\IocCoreRepository.csproj", "{6ABA6612-9EE2-4632-8030-A0F2E5925AAE}"
EndProject
Project("{FAE04EC0-301F-11D3-BF4B-00C04F79EFBC}") = "RedisManager", "Manager\RedisManager\RedisManager.csproj", "{F82D56B6-40DB-4913-829E-F330D4D5598A}"
EndProject
Global
	GlobalSection(SolutionConfigurationPlatforms) = preSolution
		Debug|Any CPU = Debug|Any CPU
		Release|Any CPU = Release|Any CPU
	EndGlobalSection
	GlobalSection(ProjectConfigurationPlatforms) = postSolution
		{2DADD787-FD10-4203-B0D7-06C3F6E47E14}.Debug|Any CPU.ActiveCfg = Debug|Any CPU
		{2DADD787-FD10-4203-B0D7-06C3F6E47E14}.Debug|Any CPU.Build.0 = Debug|Any CPU
		{2DADD787-FD10-4203-B0D7-06C3F6E47E14}.Release|Any CPU.ActiveCfg = Release|Any CPU
		{2DADD787-FD10-4203-B0D7-06C3F6E47E14}.Release|Any CPU.Build.0 = Release|Any CPU
		{74C90EAB-7890-4A6B-8DF5-A893A83250D4}.Debug|Any CPU.ActiveCfg = Debug|Any CPU
		{74C90EAB-7890-4A6B-8DF5-A893A83250D4}.Debug|Any CPU.Build.0 = Debug|Any CPU
		{74C90EAB-7890-4A6B-8DF5-A893A83250D4}.Release|Any CPU.ActiveCfg = Release|Any CPU
		{74C90EAB-7890-4A6B-8DF5-A893A83250D4}.Release|Any CPU.Build.0 = Release|Any CPU
		{5B5D0F64-3625-40C1-85F5-8E42A6E954AD}.Debug|Any CPU.ActiveCfg = Debug|Any CPU
		{5B5D0F64-3625-40C1-85F5-8E42A6E954AD}.Debug|Any CPU.Build.0 = Debug|Any CPU
		{5B5D0F64-3625-40C1-85F5-8E42A6E954AD}.Release|Any CPU.ActiveCfg = Release|Any CPU
		{5B5D0F64-3625-40C1-85F5-8E42A6E954AD}.Release|Any CPU.Build.0 = Release|Any CPU
		{A9AA8E32-47B7-474C-A78A-5020B98D4AF7}.Debug|Any CPU.ActiveCfg = Debug|Any CPU
		{A9AA8E32-47B7-474C-A78A-5020B98D4AF7}.Debug|Any CPU.Build.0 = Debug|Any CPU
		{A9AA8E32-47B7-474C-A78A-5020B98D4AF7}.Release|Any CPU.ActiveCfg = Release|Any CPU
		{A9AA8E32-47B7-474C-A78A-5020B98D4AF7}.Release|Any CPU.Build.0 = Release|Any CPU
		{653CC1A1-F410-4EC9-A085-6A496CC6B772}.Debug|Any CPU.ActiveCfg = Debug|Any CPU
		{653CC1A1-F410-4EC9-A085-6A496CC6B772}.Debug|Any CPU.Build.0 = Debug|Any CPU
		{653CC1A1-F410-4EC9-A085-6A496CC6B772}.Release|Any CPU.ActiveCfg = Release|Any CPU
		{653CC1A1-F410-4EC9-A085-6A496CC6B772}.Release|Any CPU.Build.0 = Release|Any CPU
		{D39BA27E-C6DF-4145-B226-709F34900D53}.Debug|Any CPU.ActiveCfg = Debug|Any CPU
		{D39BA27E-C6DF-4145-B226-709F34900D53}.Debug|Any CPU.Build.0 = Debug|Any CPU
		{D39BA27E-C6DF-4145-B226-709F34900D53}.Release|Any CPU.ActiveCfg = Release|Any CPU
		{D39BA27E-C6DF-4145-B226-709F34900D53}.Release|Any CPU.Build.0 = Release|Any CPU
		{967EBD80-17CB-49C8-B03F-ED064D0ED37D}.Debug|Any CPU.ActiveCfg = Debug|Any CPU
		{967EBD80-17CB-49C8-B03F-ED064D0ED37D}.Debug|Any CPU.Build.0 = Debug|Any CPU
		{967EBD80-17CB-49C8-B03F-ED064D0ED37D}.Release|Any CPU.ActiveCfg = Release|Any CPU
		{967EBD80-17CB-49C8-B03F-ED064D0ED37D}.Release|Any CPU.Build.0 = Release|Any CPU
		{E7A69C9F-1646-4F3B-9B66-98F240D251D3}.Debug|Any CPU.ActiveCfg = Debug|Any CPU
		{E7A69C9F-1646-4F3B-9B66-98F240D251D3}.Debug|Any CPU.Build.0 = Debug|Any CPU
		{E7A69C9F-1646-4F3B-9B66-98F240D251D3}.Release|Any CPU.ActiveCfg = Release|Any CPU
		{E7A69C9F-1646-4F3B-9B66-98F240D251D3}.Release|Any CPU.Build.0 = Release|Any CPU
		{A84856DC-6DAF-43A1-B78D-45209C3D7C13}.Debug|Any CPU.ActiveCfg = Debug|Any CPU
		{A84856DC-6DAF-43A1-B78D-45209C3D7C13}.Debug|Any CPU.Build.0 = Debug|Any CPU
		{A84856DC-6DAF-43A1-B78D-45209C3D7C13}.Release|Any CPU.ActiveCfg = Release|Any CPU
		{A84856DC-6DAF-43A1-B78D-45209C3D7C13}.Release|Any CPU.Build.0 = Release|Any CPU
		{B66F0AA9-FE07-4436-83E0-20FDD64160CC}.Debug|Any CPU.ActiveCfg = Debug|Any CPU
		{B66F0AA9-FE07-4436-83E0-20FDD64160CC}.Debug|Any CPU.Build.0 = Debug|Any CPU
		{B66F0AA9-FE07-4436-83E0-20FDD64160CC}.Release|Any CPU.ActiveCfg = Release|Any CPU
		{B66F0AA9-FE07-4436-83E0-20FDD64160CC}.Release|Any CPU.Build.0 = Release|Any CPU
		{492CE25F-621E-4136-8520-DE7A467C4F66}.Debug|Any CPU.ActiveCfg = Debug|Any CPU
		{492CE25F-621E-4136-8520-DE7A467C4F66}.Debug|Any CPU.Build.0 = Debug|Any CPU
		{492CE25F-621E-4136-8520-DE7A467C4F66}.Release|Any CPU.ActiveCfg = Release|Any CPU
		{492CE25F-621E-4136-8520-DE7A467C4F66}.Release|Any CPU.Build.0 = Release|Any CPU
		{7967CB76-D671-46ED-A4FD-756E74A3D92A}.Debug|Any CPU.ActiveCfg = Debug|Any CPU
		{7967CB76-D671-46ED-A4FD-756E74A3D92A}.Debug|Any CPU.Build.0 = Debug|Any CPU
		{7967CB76-D671-46ED-A4FD-756E74A3D92A}.Release|Any CPU.ActiveCfg = Release|Any CPU
		{7967CB76-D671-46ED-A4FD-756E74A3D92A}.Release|Any CPU.Build.0 = Release|Any CPU
		{DA8E124E-40E7-4252-831B-8EA1DACD576F}.Debug|Any CPU.ActiveCfg = Debug|Any CPU
		{DA8E124E-40E7-4252-831B-8EA1DACD576F}.Debug|Any CPU.Build.0 = Debug|Any CPU
		{DA8E124E-40E7-4252-831B-8EA1DACD576F}.Release|Any CPU.ActiveCfg = Release|Any CPU
		{DA8E124E-40E7-4252-831B-8EA1DACD576F}.Release|Any CPU.Build.0 = Release|Any CPU
		{85DC3D8A-B768-47CD-9E51-4B0C6BEE4A8B}.Debug|Any CPU.ActiveCfg = Debug|Any CPU
		{85DC3D8A-B768-47CD-9E51-4B0C6BEE4A8B}.Debug|Any CPU.Build.0 = Debug|Any CPU
		{85DC3D8A-B768-47CD-9E51-4B0C6BEE4A8B}.Release|Any CPU.ActiveCfg = Release|Any CPU
		{85DC3D8A-B768-47CD-9E51-4B0C6BEE4A8B}.Release|Any CPU.Build.0 = Release|Any CPU
		{18432278-9225-4A16-AB8C-E89D2CE748CB}.Debug|Any CPU.ActiveCfg = Debug|Any CPU
		{18432278-9225-4A16-AB8C-E89D2CE748CB}.Debug|Any CPU.Build.0 = Debug|Any CPU
		{18432278-9225-4A16-AB8C-E89D2CE748CB}.Release|Any CPU.ActiveCfg = Release|Any CPU
		{18432278-9225-4A16-AB8C-E89D2CE748CB}.Release|Any CPU.Build.0 = Release|Any CPU
		{6DBFD0C9-FFE5-45B8-B7E0-CB792B479436}.Debug|Any CPU.ActiveCfg = Debug|Any CPU
		{6DBFD0C9-FFE5-45B8-B7E0-CB792B479436}.Debug|Any CPU.Build.0 = Debug|Any CPU
		{6DBFD0C9-FFE5-45B8-B7E0-CB792B479436}.Release|Any CPU.ActiveCfg = Release|Any CPU
		{6DBFD0C9-FFE5-45B8-B7E0-CB792B479436}.Release|Any CPU.Build.0 = Release|Any CPU
		{B646A977-CC46-4662-941C-0D821B9FF17A}.Debug|Any CPU.ActiveCfg = Debug|Any CPU
		{B646A977-CC46-4662-941C-0D821B9FF17A}.Debug|Any CPU.Build.0 = Debug|Any CPU
		{B646A977-CC46-4662-941C-0D821B9FF17A}.Release|Any CPU.ActiveCfg = Release|Any CPU
		{B646A977-CC46-4662-941C-0D821B9FF17A}.Release|Any CPU.Build.0 = Release|Any CPU
		{010EF04E-2014-45CD-8164-045DAD69BEC4}.Debug|Any CPU.ActiveCfg = Debug|Any CPU
		{010EF04E-2014-45CD-8164-045DAD69BEC4}.Debug|Any CPU.Build.0 = Debug|Any CPU
		{010EF04E-2014-45CD-8164-045DAD69BEC4}.Release|Any CPU.ActiveCfg = Release|Any CPU
		{010EF04E-2014-45CD-8164-045DAD69BEC4}.Release|Any CPU.Build.0 = Release|Any CPU
		{2C12AC13-A3C7-44A4-B793-CB0508E182E9}.Debug|Any CPU.ActiveCfg = Debug|Any CPU
		{2C12AC13-A3C7-44A4-B793-CB0508E182E9}.Debug|Any CPU.Build.0 = Debug|Any CPU
		{2C12AC13-A3C7-44A4-B793-CB0508E182E9}.Release|Any CPU.ActiveCfg = Release|Any CPU
		{2C12AC13-A3C7-44A4-B793-CB0508E182E9}.Release|Any CPU.Build.0 = Release|Any CPU
		{F9F85295-F636-486D-B224-8F06BB09ED66}.Debug|Any CPU.ActiveCfg = Debug|Any CPU
		{F9F85295-F636-486D-B224-8F06BB09ED66}.Debug|Any CPU.Build.0 = Debug|Any CPU
		{F9F85295-F636-486D-B224-8F06BB09ED66}.Release|Any CPU.ActiveCfg = Release|Any CPU
		{F9F85295-F636-486D-B224-8F06BB09ED66}.Release|Any CPU.Build.0 = Release|Any CPU
		{B120D9D5-9C10-4CC6-905D-59665DB20552}.Debug|Any CPU.ActiveCfg = Debug|Any CPU
		{B120D9D5-9C10-4CC6-905D-59665DB20552}.Debug|Any CPU.Build.0 = Debug|Any CPU
		{B120D9D5-9C10-4CC6-905D-59665DB20552}.Release|Any CPU.ActiveCfg = Release|Any CPU
		{B120D9D5-9C10-4CC6-905D-59665DB20552}.Release|Any CPU.Build.0 = Release|Any CPU
		{6ABA6612-9EE2-4632-8030-A0F2E5925AAE}.Debug|Any CPU.ActiveCfg = Debug|Any CPU
		{6ABA6612-9EE2-4632-8030-A0F2E5925AAE}.Debug|Any CPU.Build.0 = Debug|Any CPU
		{6ABA6612-9EE2-4632-8030-A0F2E5925AAE}.Release|Any CPU.ActiveCfg = Release|Any CPU
		{6ABA6612-9EE2-4632-8030-A0F2E5925AAE}.Release|Any CPU.Build.0 = Release|Any CPU
		{F82D56B6-40DB-4913-829E-F330D4D5598A}.Debug|Any CPU.ActiveCfg = Debug|Any CPU
		{F82D56B6-40DB-4913-829E-F330D4D5598A}.Debug|Any CPU.Build.0 = Debug|Any CPU
		{F82D56B6-40DB-4913-829E-F330D4D5598A}.Release|Any CPU.ActiveCfg = Release|Any CPU
		{F82D56B6-40DB-4913-829E-F330D4D5598A}.Release|Any CPU.Build.0 = Release|Any CPU
	EndGlobalSection
	GlobalSection(SolutionProperties) = preSolution
		HideSolutionNode = FALSE
	EndGlobalSection
	GlobalSection(NestedProjects) = preSolution
		{1696D4E9-3AB2-4EAF-8F18-7F12111F7F5C} = {3E423EA6-6F73-4521-B65E-2F1039A93A18}
		{D7A4D922-FAAE-4AB5-B41E-4F9F3CF0197E} = {3E423EA6-6F73-4521-B65E-2F1039A93A18}
		{2DADD787-FD10-4203-B0D7-06C3F6E47E14} = {1696D4E9-3AB2-4EAF-8F18-7F12111F7F5C}
		{74C90EAB-7890-4A6B-8DF5-A893A83250D4} = {D7A4D922-FAAE-4AB5-B41E-4F9F3CF0197E}
		{5B5D0F64-3625-40C1-85F5-8E42A6E954AD} = {AA2F568E-50E0-40F5-8EC9-23D366638532}
		{A9AA8E32-47B7-474C-A78A-5020B98D4AF7} = {AE51BB60-E77E-47B2-AD09-DE5BE0D00E9C}
		{653CC1A1-F410-4EC9-A085-6A496CC6B772} = {AE51BB60-E77E-47B2-AD09-DE5BE0D00E9C}
		{D39BA27E-C6DF-4145-B226-709F34900D53} = {AE51BB60-E77E-47B2-AD09-DE5BE0D00E9C}
		{967EBD80-17CB-49C8-B03F-ED064D0ED37D} = {9FD72EE7-FE06-41F8-9981-B3D53913FF2A}
		{E7A69C9F-1646-4F3B-9B66-98F240D251D3} = {9FD72EE7-FE06-41F8-9981-B3D53913FF2A}
		{A84856DC-6DAF-43A1-B78D-45209C3D7C13} = {9FD72EE7-FE06-41F8-9981-B3D53913FF2A}
		{B66F0AA9-FE07-4436-83E0-20FDD64160CC} = {9FD72EE7-FE06-41F8-9981-B3D53913FF2A}
		{492CE25F-621E-4136-8520-DE7A467C4F66} = {A3616CC0-9180-432A-8C60-F46F0B636A87}
		{7967CB76-D671-46ED-A4FD-756E74A3D92A} = {A3616CC0-9180-432A-8C60-F46F0B636A87}
		{DA8E124E-40E7-4252-831B-8EA1DACD576F} = {A3616CC0-9180-432A-8C60-F46F0B636A87}
		{85DC3D8A-B768-47CD-9E51-4B0C6BEE4A8B} = {A3616CC0-9180-432A-8C60-F46F0B636A87}
		{7A83CA3C-79FB-4F7E-B8FD-D502F995CCA9} = {FAA718CE-5539-494E-8CED-FCCC767734C4}
		{642477FB-34DF-494D-835E-932C144EE07D} = {7A83CA3C-79FB-4F7E-B8FD-D502F995CCA9}
		{18432278-9225-4A16-AB8C-E89D2CE748CB} = {642477FB-34DF-494D-835E-932C144EE07D}
		{6DBFD0C9-FFE5-45B8-B7E0-CB792B479436} = {642477FB-34DF-494D-835E-932C144EE07D}
		{B646A977-CC46-4662-941C-0D821B9FF17A} = {642477FB-34DF-494D-835E-932C144EE07D}
		{010EF04E-2014-45CD-8164-045DAD69BEC4} = {FAA718CE-5539-494E-8CED-FCCC767734C4}
		{2C12AC13-A3C7-44A4-B793-CB0508E182E9} = {FAA718CE-5539-494E-8CED-FCCC767734C4}
		{F9F85295-F636-486D-B224-8F06BB09ED66} = {9E7A3CB6-159C-4C63-AFE1-8D7D8290BC1E}
		{B120D9D5-9C10-4CC6-905D-59665DB20552} = {FAA718CE-5539-494E-8CED-FCCC767734C4}
		{6ABA6612-9EE2-4632-8030-A0F2E5925AAE} = {AE51BB60-E77E-47B2-AD09-DE5BE0D00E9C}
		{F82D56B6-40DB-4913-829E-F330D4D5598A} = {AA2F568E-50E0-40F5-8EC9-23D366638532}
	EndGlobalSection
	GlobalSection(ExtensibilityGlobals) = postSolution
		SolutionGuid = {460F41C2-5116-487F-A56B-B77430D3697D}
	EndGlobalSection
EndGlobal
